# This file is autogenerated, do not edit; changes may be undone by the next 'dep ensure'.


[[projects]]
  name = "github.com/julienschmidt/httprouter"
  packages = ["."]
  revision = "8c199fb6259ffc1af525cc3ad52ee60ba8359669"
  version = "v1.1"

[[projects]]
  name = "github.com/vardius/gorouter"
  packages = ["."]
  revision = "38258c0a57f1ae72f66fbe5c9e1d148a652f307c"
  version = "v3.0.4"

[solve-meta]
  analyzer-name = "dep"
  analyzer-version = 1
  inputs-digest = "fd8d9f8e40aae2b28acc7ab3aeb74bdb46280b7915f864aa1b8bd26863890e09"
  solver-name = "gps-cdcl"
  solver-version = 1
